
Microsoft Visual Studio Solution File, Format Version 12.00
# Visual Studio Version 16
VisualStudioVersion = 16.0.30011.22
MinimumVisualStudioVersion = 10.0.40219.1
Project("{FAE04EC0-301F-11D3-BF4B-00C04F79EFBC}") = "PooFinal", "PooFinal\PooFinal.csproj", "{B6AADFD5-3AB9-4AB2-9AA7-3C09AAC9EA66}"
EndProject
Global
	GlobalSection(SolutionConfigurationPlatforms) = preSolution
		Debug|Any CPU = Debug|Any CPU
		Release|Any CPU = Release|Any CPU
	EndGlobalSection
	GlobalSection(ProjectConfigurationPlatforms) = postSolution
		{B6AADFD5-3AB9-4AB2-9AA7-3C09AAC9EA66}.Debug|Any CPU.ActiveCfg = Debug|Any CPU
		{B6AADFD5-3AB9-4AB2-9AA7-3C09AAC9EA66}.Debug|Any CPU.Build.0 = Debug|Any CPU
		{B6AADFD5-3AB9-4AB2-9AA7-3C09AAC9EA66}.Release|Any CPU.ActiveCfg = Release|Any CPU
		{B6AADFD5-3AB9-4AB2-9AA7-3C09AAC9EA66}.Release|Any CPU.Build.0 = Release|Any CPU
	EndGlobalSection
	GlobalSection(SolutionProperties) = preSolution
		HideSolutionNode = FALSE
	EndGlobalSection
	GlobalSection(ExtensibilityGlobals) = postSolution
		SolutionGuid = {4F413108-E27D-4056-8CE0-77FBE3B28A71}
	EndGlobalSection
EndGlobal
